# Prisma Migrate lockfile v1

20200616201048-first
20200802221350-added-verifytoken-field-to-user
20200822145917-add-notifications-to-user
20200822150429-add-default-created-at-to-notifications
20200822232425-create-landing-info-adn-business-image
20200823002213-optional-landing-for-businesses
20200823193213-remove-intagram-url--facebook-url-and-website-from-landing
20200823194931-add-url-fields-to-business
20200919114545-add-categories-to-business-and-services
20200919114741-multiple-categories-for-business-and-service
20200919115540-add-categories-to-business-and-services
20200919124830-categories-for-business
20200919124904-category-for-service
20200919125027-default-value-for-category-on-service
20200919125148-category-for-services
20200919131830-branches-and-services-to-category
20200919133521-rename-category-business
20200919133555-rename-categories
20200919153232-add-services-to-business